
Microsoft Visual Studio Solution File, Format Version 12.00
# Visual Studio Version 17
VisualStudioVersion = 17.9.34723.18
MinimumVisualStudioVersion = 10.0.40219.1
Project("{9A19103F-16F7-4668-BE54-9A1E7A4F7556}") = "AStar.Infrastructure", "AStar.Infrastructure\AStar.Infrastructure.csproj", "{94065FBE-AE4E-4A6A-B610-F4F2254F0E0F}"
EndProject
Project("{FAE04EC0-301F-11D3-BF4B-00C04F79EFBC}") = "ConsoleApp", "ConsoleApp\ConsoleApp.csproj", "{C092A988-E9A2-437B-A85A-A044BB41C998}"
EndProject
Global
	GlobalSection(SolutionConfigurationPlatforms) = preSolution
		Debug|Any CPU = Debug|Any CPU
		Release|Any CPU = Release|Any CPU
	EndGlobalSection
	GlobalSection(ProjectConfigurationPlatforms) = postSolution
		{94065FBE-AE4E-4A6A-B610-F4F2254F0E0F}.Debug|Any CPU.ActiveCfg = Debug|Any CPU
		{94065FBE-AE4E-4A6A-B610-F4F2254F0E0F}.Debug|Any CPU.Build.0 = Debug|Any CPU
		{94065FBE-AE4E-4A6A-B610-F4F2254F0E0F}.Release|Any CPU.ActiveCfg = Release|Any CPU
		{94065FBE-AE4E-4A6A-B610-F4F2254F0E0F}.Release|Any CPU.Build.0 = Release|Any CPU
		{C092A988-E9A2-437B-A85A-A044BB41C998}.Debug|Any CPU.ActiveCfg = Debug|Any CPU
		{C092A988-E9A2-437B-A85A-A044BB41C998}.Debug|Any CPU.Build.0 = Debug|Any CPU
		{C092A988-E9A2-437B-A85A-A044BB41C998}.Release|Any CPU.ActiveCfg = Release|Any CPU
		{C092A988-E9A2-437B-A85A-A044BB41C998}.Release|Any CPU.Build.0 = Release|Any CPU
	EndGlobalSection
	GlobalSection(SolutionProperties) = preSolution
		HideSolutionNode = FALSE
	EndGlobalSection
	GlobalSection(ExtensibilityGlobals) = postSolution
		SolutionGuid = {8BC1602D-6315-4B25-94D3-060B864B7B2A}
	EndGlobalSection
EndGlobal
