
Microsoft Visual Studio Solution File, Format Version 12.00
# Visual Studio Version 17
VisualStudioVersion = 17.9.34723.18
MinimumVisualStudioVersion = 10.0.40219.1
Project("{2150E333-8FDC-42A3-9474-1A3956D46DE8}") = "src", "src", "{0F9EB241-1555-41EE-A678-8256EB91572E}"
EndProject
Project("{9A19103F-16F7-4668-BE54-9A1E7A4F7556}") = "AStar.Infrastructure", "src\AStar.Infrastructure\AStar.Infrastructure.csproj", "{86B30BEE-234C-4D3E-AEE7-772894B5A211}"
EndProject
Project("{9A19103F-16F7-4668-BE54-9A1E7A4F7556}") = "ConsoleApp", "src\ConsoleApp\ConsoleApp.csproj", "{E10B3483-1647-4D97-B7A9-6165DBC4A404}"
EndProject
Project("{2150E333-8FDC-42A3-9474-1A3956D46DE8}") = "Solution Items", "Solution Items", "{E7316F4C-1F0C-4005-B2C4-A43779AA3AE6}"
	ProjectSection(SolutionItems) = preProject
		.editorconfig = .editorconfig
		CodeMaid.config = CodeMaid.config
		LICENSE = LICENSE
		README.md = README.md
	EndProjectSection
EndProject
Project("{2150E333-8FDC-42A3-9474-1A3956D46DE8}") = "tests", "tests", "{C4692C69-FC26-4F62-9B45-7668C5D47A3E}"
EndProject
Project("{2150E333-8FDC-42A3-9474-1A3956D46DE8}") = "unit", "unit", "{D0422600-7244-4918-BA85-B9A9DA0EADA0}"
EndProject
Project("{9A19103F-16F7-4668-BE54-9A1E7A4F7556}") = "AStar.Infrastructure.Unit.Tests", "tests\unit\AStar.Infrastructure.Unit.Tests\AStar.Infrastructure.Unit.Tests.csproj", "{27B1AC25-C7BF-4DDD-9E2E-19EF76FD711F}"
EndProject
Global
	GlobalSection(SolutionConfigurationPlatforms) = preSolution
		Debug|Any CPU = Debug|Any CPU
		Release|Any CPU = Release|Any CPU
	EndGlobalSection
	GlobalSection(ProjectConfigurationPlatforms) = postSolution
		{86B30BEE-234C-4D3E-AEE7-772894B5A211}.Debug|Any CPU.ActiveCfg = Debug|Any CPU
		{86B30BEE-234C-4D3E-AEE7-772894B5A211}.Debug|Any CPU.Build.0 = Debug|Any CPU
		{86B30BEE-234C-4D3E-AEE7-772894B5A211}.Release|Any CPU.ActiveCfg = Release|Any CPU
		{86B30BEE-234C-4D3E-AEE7-772894B5A211}.Release|Any CPU.Build.0 = Release|Any CPU
		{E10B3483-1647-4D97-B7A9-6165DBC4A404}.Debug|Any CPU.ActiveCfg = Debug|Any CPU
		{E10B3483-1647-4D97-B7A9-6165DBC4A404}.Debug|Any CPU.Build.0 = Debug|Any CPU
		{E10B3483-1647-4D97-B7A9-6165DBC4A404}.Release|Any CPU.ActiveCfg = Release|Any CPU
		{E10B3483-1647-4D97-B7A9-6165DBC4A404}.Release|Any CPU.Build.0 = Release|Any CPU
		{27B1AC25-C7BF-4DDD-9E2E-19EF76FD711F}.Debug|Any CPU.ActiveCfg = Debug|Any CPU
		{27B1AC25-C7BF-4DDD-9E2E-19EF76FD711F}.Debug|Any CPU.Build.0 = Debug|Any CPU
		{27B1AC25-C7BF-4DDD-9E2E-19EF76FD711F}.Release|Any CPU.ActiveCfg = Release|Any CPU
		{27B1AC25-C7BF-4DDD-9E2E-19EF76FD711F}.Release|Any CPU.Build.0 = Release|Any CPU
	EndGlobalSection
	GlobalSection(SolutionProperties) = preSolution
		HideSolutionNode = FALSE
	EndGlobalSection
	GlobalSection(NestedProjects) = preSolution
		{86B30BEE-234C-4D3E-AEE7-772894B5A211} = {0F9EB241-1555-41EE-A678-8256EB91572E}
		{E10B3483-1647-4D97-B7A9-6165DBC4A404} = {0F9EB241-1555-41EE-A678-8256EB91572E}
		{D0422600-7244-4918-BA85-B9A9DA0EADA0} = {C4692C69-FC26-4F62-9B45-7668C5D47A3E}
		{27B1AC25-C7BF-4DDD-9E2E-19EF76FD711F} = {D0422600-7244-4918-BA85-B9A9DA0EADA0}
	EndGlobalSection
	GlobalSection(ExtensibilityGlobals) = postSolution
		SolutionGuid = {8BC1602D-6315-4B25-94D3-060B864B7B2A}
	EndGlobalSection
EndGlobal
